---
mruby:
  version: 3.0.0
  release_no: 30000
builds:
  x86_64-w64-mingw32:
    https://github.com/katzer/mruby-os.git:
      url: https://github.com/katzer/mruby-os.git
      branch: master
      commit: 8e6e1dca8284f142bea681bfe032ebe7bae3851a
      version: 0.0.0
    https://github.com/iij/mruby-env.git:
      url: https://github.com/iij/mruby-env.git
      branch: master
      commit: 056ae324451ef16a50c7887e117f0ea30921b71b
      version: 0.0.0
    https://github.com/ksss/mruby-singleton.git:
      url: https://github.com/ksss/mruby-singleton.git
      branch: master
      commit: 73dd4bae1a47d82e49b8f85bf27f49ec4462052e
      version: 0.0.0
    https://github.com/iij/mruby-dir.git:
      url: https://github.com/iij/mruby-dir.git
      branch: master
      commit: 89dceefa1250fb1ae868d4cb52498e9e24293cd1
      version: 0.0.0
    https://github.com/iij/mruby-iijson.git:
      url: https://github.com/iij/mruby-iijson.git
      branch: master
      commit: c5e730c30090d3cddae258f57ab9508edb3e9fce
      version: 0.0.0
    https://github.com/kabies/mruby-stable-sort.git:
      url: https://github.com/kabies/mruby-stable-sort.git
      branch: master
      commit: 48a0c0b03c8de1ed40087a922b0602d58c3fde3b
      version: 0.1.0
    https://github.com/kabies/mruby-cellular-automaton.git:
      url: https://github.com/kabies/mruby-cellular-automaton.git
      branch: master
      commit: f1408e76765b33cd798b53f8cba41747239e16b3
      version: 0.0.0
    https://github.com/mrbgems/mruby-yaml.git:
      url: https://github.com/mrbgems/mruby-yaml.git
      branch: master
      commit: 9f4408d4d46ffc8668ea07cc9c6249f33114d3a9
      version: 0.1.0
    https://github.com/bismite/mruby-simplemsgpack.git:
      url: https://github.com/bismite/mruby-simplemsgpack.git
      branch: master
      commit: '09faa4fc038737fe321c69a0341c0c9ca276c656'
      version: 0.0.0
    https://github.com/bismite/mruby-bi-core.git:
      url: https://github.com/bismite/mruby-bi-core.git
      branch: master
      commit: ede5f7a815b71d69fa27ab8ba9bf5ef75b11698a
      version: 0.13.1
    https://github.com/bismite/mruby-bi-ext.git:
      url: https://github.com/bismite/mruby-bi-ext.git
      branch: master
      commit: e2fd22b7008550ff4a2d6c6f224ade5829c3c51d
      version: 0.4.1
    https://github.com/bismite/mruby-bi-sound.git:
      url: https://github.com/bismite/mruby-bi-sound.git
      branch: master
      commit: 8af59a855b41852a138fb45b6db45054d6357d36
      version: 0.1.0
    https://github.com/bismite/mruby-bi-archive.git:
      url: https://github.com/bismite/mruby-bi-archive.git
      branch: master
      commit: 6c1a945920f8684b11d4b2d4dfa05ddadef01ee3
      version: 0.4.0
    https://github.com/bismite/mruby-bi-image.git:
      url: https://github.com/bismite/mruby-bi-image.git
      branch: master
      commit: 8fb6017b1c4db4361188e7515deb2c47c0c51b4a
      version: 0.1.0
    https://github.com/bismite/mruby-bi-geometry.git:
      url: https://github.com/bismite/mruby-bi-geometry.git
      branch: master
      commit: '085e6b9a5a8e1b19a5457caaa26b620e0f63206f'
      version: 0.1.1
    https://github.com/bismite/mruby-bi-dlopen.git:
      url: https://github.com/bismite/mruby-bi-dlopen.git
      branch: master
      commit: a8162fcd43ba9c2407ef1c1a77e863db8d4157fb
      version: 0.2.0
    https://github.com/iij/mruby-errno.git:
      url: https://github.com/iij/mruby-errno.git
      branch: master
      commit: b4415207ff6ea62360619c89a1cff83259dc4db0
      version: 0.0.0
